// !$*UTF8*$!
{
	archiveVersion = 1;
	classes = {
	};
	objectVersion = 56;
	objects = {

/* Begin PBXBuildFile section */
		A0535AEB2BC4850F00568A47 /* AuthCombineApp.swift in Sources */ = {isa = PBXBuildFile; fileRef = A0535AEA2BC4850F00568A47 /* AuthCombineApp.swift */; };
		A0535AED2BC4850F00568A47 /* ContentView.swift in Sources */ = {isa = PBXBuildFile; fileRef = A0535AEC2BC4850F00568A47 /* ContentView.swift */; };
		A0535AEF2BC4851300568A47 /* Assets.xcassets in Resources */ = {isa = PBXBuildFile; fileRef = A0535AEE2BC4851300568A47 /* Assets.xcassets */; };
		A0535AF22BC4851300568A47 /* Preview Assets.xcassets in Resources */ = {isa = PBXBuildFile; fileRef = A0535AF12BC4851300568A47 /* Preview Assets.xcassets */; };
		A0535AFA2BC486EF00568A47 /* AnimatedGradient.swift in Sources */ = {isa = PBXBuildFile; fileRef = A0535AF92BC486EF00568A47 /* AnimatedGradient.swift */; };
		A0535AFC2BC4870100568A47 /* CustomTextField.swift in Sources */ = {isa = PBXBuildFile; fileRef = A0535AFB2BC4870100568A47 /* CustomTextField.swift */; };
		A0535AFF2BC48A0100568A47 /* CustomTextFieldStyle.swift in Sources */ = {isa = PBXBuildFile; fileRef = A0535AFE2BC48A0100568A47 /* CustomTextFieldStyle.swift */; };
		A0535B022BC48B9D00568A47 /* Color+Extension.swift in Sources */ = {isa = PBXBuildFile; fileRef = A0535B012BC48B9D00568A47 /* Color+Extension.swift */; };
		A0535B042BC48CCB00568A47 /* String+Extension.swift in Sources */ = {isa = PBXBuildFile; fileRef = A0535B032BC48CCB00568A47 /* String+Extension.swift */; };
		A0535B062BC48FA600568A47 /* ViewModel.swift in Sources */ = {isa = PBXBuildFile; fileRef = A0535B052BC48FA600568A47 /* ViewModel.swift */; };
		A0535B092BC491F900568A47 /* Regex.swift in Sources */ = {isa = PBXBuildFile; fileRef = A0535B082BC491F900568A47 /* Regex.swift */; };
/* End PBXBuildFile section */

/* Begin PBXFileReference section */
		A0535AE72BC4850F00568A47 /* AuthCombine.app */ = {isa = PBXFileReference; explicitFileType = wrapper.application; includeInIndex = 0; path = AuthCombine.app; sourceTree = BUILT_PRODUCTS_DIR; };
		A0535AEA2BC4850F00568A47 /* AuthCombineApp.swift */ = {isa = PBXFileReference; lastKnownFileType = sourcecode.swift; path = AuthCombineApp.swift; sourceTree = "<group>"; };
		A0535AEC2BC4850F00568A47 /* ContentView.swift */ = {isa = PBXFileReference; lastKnownFileType = sourcecode.swift; path = ContentView.swift; sourceTree = "<group>"; };
		A0535AEE2BC4851300568A47 /* Assets.xcassets */ = {isa = PBXFileReference; lastKnownFileType = folder.assetcatalog; path = Assets.xcassets; sourceTree = "<group>"; };
		A0535AF12BC4851300568A47 /* Preview Assets.xcassets */ = {isa = PBXFileReference; lastKnownFileType = folder.assetcatalog; path = "Preview Assets.xcassets"; sourceTree = "<group>"; };
		A0535AF92BC486EF00568A47 /* AnimatedGradient.swift */ = {isa = PBXFileReference; lastKnownFileType = sourcecode.swift; path = AnimatedGradient.swift; sourceTree = "<group>"; };
		A0535AFB2BC4870100568A47 /* CustomTextField.swift */ = {isa = PBXFileReference; lastKnownFileType = sourcecode.swift; path = CustomTextField.swift; sourceTree = "<group>"; };
		A0535AFE2BC48A0100568A47 /* CustomTextFieldStyle.swift */ = {isa = PBXFileReference; lastKnownFileType = sourcecode.swift; path = CustomTextFieldStyle.swift; sourceTree = "<group>"; };
		A0535B012BC48B9D00568A47 /* Color+Extension.swift */ = {isa = PBXFileReference; lastKnownFileType = sourcecode.swift; path = "Color+Extension.swift"; sourceTree = "<group>"; };
		A0535B032BC48CCB00568A47 /* String+Extension.swift */ = {isa = PBXFileReference; lastKnownFileType = sourcecode.swift; path = "String+Extension.swift"; sourceTree = "<group>"; };
		A0535B052BC48FA600568A47 /* ViewModel.swift */ = {isa = PBXFileReference; lastKnownFileType = sourcecode.swift; path = ViewModel.swift; sourceTree = "<group>"; };
		A0535B082BC491F900568A47 /* Regex.swift */ = {isa = PBXFileReference; lastKnownFileType = sourcecode.swift; path = Regex.swift; sourceTree = "<group>"; };
/* End PBXFileReference section */

/* Begin PBXFrameworksBuildPhase section */
		A0535AE42BC4850F00568A47 /* Frameworks */ = {
			isa = PBXFrameworksBuildPhase;
			buildActionMask = 2147483647;
			files = (
			);
			runOnlyForDeploymentPostprocessing = 0;
		};
/* End PBXFrameworksBuildPhase section */

/* Begin PBXGroup section */
		A0535ADE2BC4850F00568A47 = {
			isa = PBXGroup;
			children = (
				A0535AE92BC4850F00568A47 /* AuthCombine */,
				A0535AE82BC4850F00568A47 /* Products */,
			);
			sourceTree = "<group>";
		};
		A0535AE82BC4850F00568A47 /* Products */ = {
			isa = PBXGroup;
			children = (
				A0535AE72BC4850F00568A47 /* AuthCombine.app */,
			);
			name = Products;
			sourceTree = "<group>";
		};
		A0535AE92BC4850F00568A47 /* AuthCombine */ = {
			isa = PBXGroup;
			children = (
				A0535AEA2BC4850F00568A47 /* AuthCombineApp.swift */,
				A0535AEC2BC4850F00568A47 /* ContentView.swift */,
				A0535B052BC48FA600568A47 /* ViewModel.swift */,
				A0535B002BC48B7000568A47 /* Extension */,
				A0535AF82BC4866B00568A47 /* CommonUI */,
				A0535B072BC491E600568A47 /* Enum */,
				A0535AEE2BC4851300568A47 /* Assets.xcassets */,
				A0535AF02BC4851300568A47 /* Preview Content */,
			);
			path = AuthCombine;
			sourceTree = "<group>";
		};
		A0535AF02BC4851300568A47 /* Preview Content */ = {
			isa = PBXGroup;
			children = (
				A0535AF12BC4851300568A47 /* Preview Assets.xcassets */,
			);
			path = "Preview Content";
			sourceTree = "<group>";
		};
		A0535AF82BC4866B00568A47 /* CommonUI */ = {
			isa = PBXGroup;
			children = (
				A0535AF92BC486EF00568A47 /* AnimatedGradient.swift */,
				A0535AFB2BC4870100568A47 /* CustomTextField.swift */,
				A0535AFD2BC489EA00568A47 /* Style */,
			);
			path = CommonUI;
			sourceTree = "<group>";
		};
		A0535AFD2BC489EA00568A47 /* Style */ = {
			isa = PBXGroup;
			children = (
				A0535AFE2BC48A0100568A47 /* CustomTextFieldStyle.swift */,
			);
			path = Style;
			sourceTree = "<group>";
		};
		A0535B002BC48B7000568A47 /* Extension */ = {
			isa = PBXGroup;
			children = (
				A0535B012BC48B9D00568A47 /* Color+Extension.swift */,
				A0535B032BC48CCB00568A47 /* String+Extension.swift */,
			);
			path = Extension;
			sourceTree = "<group>";
		};
		A0535B072BC491E600568A47 /* Enum */ = {
			isa = PBXGroup;
			children = (
				A0535B082BC491F900568A47 /* Regex.swift */,
			);
			path = Enum;
			sourceTree = "<group>";
		};
/* End PBXGroup section */

/* Begin PBXNativeTarget section */
		A0535AE62BC4850F00568A47 /* AuthCombine */ = {
			isa = PBXNativeTarget;
			buildConfigurationList = A0535AF52BC4851300568A47 /* Build configuration list for PBXNativeTarget "AuthCombine" */;
			buildPhases = (
				A0535AE32BC4850F00568A47 /* Sources */,
				A0535AE42BC4850F00568A47 /* Frameworks */,
				A0535AE52BC4850F00568A47 /* Resources */,
			);
			buildRules = (
			);
			dependencies = (
			);
			name = AuthCombine;
			productName = AuthCombine;
			productReference = A0535AE72BC4850F00568A47 /* AuthCombine.app */;
			productType = "com.apple.product-type.application";
		};
/* End PBXNativeTarget section */

/* Begin PBXProject section */
		A0535ADF2BC4850F00568A47 /* Project object */ = {
			isa = PBXProject;
			attributes = {
				BuildIndependentTargetsInParallel = 1;
				LastSwiftUpdateCheck = 1420;
				LastUpgradeCheck = 1420;
				TargetAttributes = {
					A0535AE62BC4850F00568A47 = {
						CreatedOnToolsVersion = 14.2;
					};
				};
			};
			buildConfigurationList = A0535AE22BC4850F00568A47 /* Build configuration list for PBXProject "AuthCombine" */;
			compatibilityVersion = "Xcode 14.0";
			developmentRegion = en;
			hasScannedForEncodings = 0;
			knownRegions = (
				en,
				Base,
			);
			mainGroup = A0535ADE2BC4850F00568A47;
			productRefGroup = A0535AE82BC4850F00568A47 /* Products */;
			projectDirPath = "";
			projectRoot = "";
			targets = (
				A0535AE62BC4850F00568A47 /* AuthCombine */,
			);
		};
/* End PBXProject section */

/* Begin PBXResourcesBuildPhase section */
		A0535AE52BC4850F00568A47 /* Resources */ = {
			isa = PBXResourcesBuildPhase;
			buildActionMask = 2147483647;
			files = (
				A0535AF22BC4851300568A47 /* Preview Assets.xcassets in Resources */,
				A0535AEF2BC4851300568A47 /* Assets.xcassets in Resources */,
			);
			runOnlyForDeploymentPostprocessing = 0;
		};
/* End PBXResourcesBuildPhase section */

/* Begin PBXSourcesBuildPhase section */
		A0535AE32BC4850F00568A47 /* Sources */ = {
			isa = PBXSourcesBuildPhase;
			buildActionMask = 2147483647;
			files = (
				A0535AFC2BC4870100568A47 /* CustomTextField.swift in Sources */,
				A0535B042BC48CCB00568A47 /* String+Extension.swift in Sources */,
				A0535AFA2BC486EF00568A47 /* AnimatedGradient.swift in Sources */,
				A0535AED2BC4850F00568A47 /* ContentView.swift in Sources */,
				A0535AEB2BC4850F00568A47 /* AuthCombineApp.swift in Sources */,
				A0535AFF2BC48A0100568A47 /* CustomTextFieldStyle.swift in Sources */,
				A0535B062BC48FA600568A47 /* ViewModel.swift in Sources */,
				A0535B092BC491F900568A47 /* Regex.swift in Sources */,
				A0535B022BC48B9D00568A47 /* Color+Extension.swift in Sources */,
			);
			runOnlyForDeploymentPostprocessing = 0;
		};
/* End PBXSourcesBuildPhase section */

/* Begin XCBuildConfiguration section */
		A0535AF32BC4851300568A47 /* Debug */ = {
			isa = XCBuildConfiguration;
			buildSettings = {
				ALWAYS_SEARCH_USER_PATHS = NO;
				CLANG_ANALYZER_NONNULL = YES;
				CLANG_ANALYZER_NUMBER_OBJECT_CONVERSION = YES_AGGRESSIVE;
				CLANG_CXX_LANGUAGE_STANDARD = "gnu++20";
				CLANG_ENABLE_MODULES = YES;
				CLANG_ENABLE_OBJC_ARC = YES;
				CLANG_ENABLE_OBJC_WEAK = YES;
				CLANG_WARN_BLOCK_CAPTURE_AUTORELEASING = YES;
				CLANG_WARN_BOOL_CONVERSION = YES;
				CLANG_WARN_COMMA = YES;
				CLANG_WARN_CONSTANT_CONVERSION = YES;
				CLANG_WARN_DEPRECATED_OBJC_IMPLEMENTATIONS = YES;
				CLANG_WARN_DIRECT_OBJC_ISA_USAGE = YES_ERROR;
				CLANG_WARN_DOCUMENTATION_COMMENTS = YES;
				CLANG_WARN_EMPTY_BODY = YES;
				CLANG_WARN_ENUM_CONVERSION = YES;
				CLANG_WARN_INFINITE_RECURSION = YES;
				CLANG_WARN_INT_CONVERSION = YES;
				CLANG_WARN_NON_LITERAL_NULL_CONVERSION = YES;
				CLANG_WARN_OBJC_IMPLICIT_RETAIN_SELF = YES;
				CLANG_WARN_OBJC_LITERAL_CONVERSION = YES;
				CLANG_WARN_OBJC_ROOT_CLASS = YES_ERROR;
				CLANG_WARN_QUOTED_INCLUDE_IN_FRAMEWORK_HEADER = YES;
				CLANG_WARN_RANGE_LOOP_ANALYSIS = YES;
				CLANG_WARN_STRICT_PROTOTYPES = YES;
				CLANG_WARN_SUSPICIOUS_MOVE = YES;
				CLANG_WARN_UNGUARDED_AVAILABILITY = YES_AGGRESSIVE;
				CLANG_WARN_UNREACHABLE_CODE = YES;
				CLANG_WARN__DUPLICATE_METHOD_MATCH = YES;
				COPY_PHASE_STRIP = NO;
				DEBUG_INFORMATION_FORMAT = dwarf;
				ENABLE_STRICT_OBJC_MSGSEND = YES;
				ENABLE_TESTABILITY = YES;
				GCC_C_LANGUAGE_STANDARD = gnu11;
				GCC_DYNAMIC_NO_PIC = NO;
				GCC_NO_COMMON_BLOCKS = YES;
				GCC_OPTIMIZATION_LEVEL = 0;
				GCC_PREPROCESSOR_DEFINITIONS = (
					"DEBUG=1",
					"$(inherited)",
				);
				GCC_WARN_64_TO_32_BIT_CONVERSION = YES;
				GCC_WARN_ABOUT_RETURN_TYPE = YES_ERROR;
				GCC_WARN_UNDECLARED_SELECTOR = YES;
				GCC_WARN_UNINITIALIZED_AUTOS = YES_AGGRESSIVE;
				GCC_WARN_UNUSED_FUNCTION = YES;
				GCC_WARN_UNUSED_VARIABLE = YES;
				IPHONEOS_DEPLOYMENT_TARGET = 16.2;
				MTL_ENABLE_DEBUG_INFO = INCLUDE_SOURCE;
				MTL_FAST_MATH = YES;
				ONLY_ACTIVE_ARCH = YES;
				SDKROOT = iphoneos;
				SWIFT_ACTIVE_COMPILATION_CONDITIONS = DEBUG;
				SWIFT_OPTIMIZATION_LEVEL = "-Onone";
			};
			name = Debug;
		};
		A0535AF42BC4851300568A47 /* Release */ = {
			isa = XCBuildConfiguration;
			buildSettings = {
				ALWAYS_SEARCH_USER_PATHS = NO;
				CLANG_ANALYZER_NONNULL = YES;
				CLANG_ANALYZER_NUMBER_OBJECT_CONVERSION = YES_AGGRESSIVE;
				CLANG_CXX_LANGUAGE_STANDARD = "gnu++20";
				CLANG_ENABLE_MODULES = YES;
				CLANG_ENABLE_OBJC_ARC = YES;
				CLANG_ENABLE_OBJC_WEAK = YES;
				CLANG_WARN_BLOCK_CAPTURE_AUTORELEASING = YES;
				CLANG_WARN_BOOL_CONVERSION = YES;
				CLANG_WARN_COMMA = YES;
				CLANG_WARN_CONSTANT_CONVERSION = YES;
				CLANG_WARN_DEPRECATED_OBJC_IMPLEMENTATIONS = YES;
				CLANG_WARN_DIRECT_OBJC_ISA_USAGE = YES_ERROR;
				CLANG_WARN_DOCUMENTATION_COMMENTS = YES;
				CLANG_WARN_EMPTY_BODY = YES;
				CLANG_WARN_ENUM_CONVERSION = YES;
				CLANG_WARN_INFINITE_RECURSION = YES;
				CLANG_WARN_INT_CONVERSION = YES;
				CLANG_WARN_NON_LITERAL_NULL_CONVERSION = YES;
				CLANG_WARN_OBJC_IMPLICIT_RETAIN_SELF = YES;
				CLANG_WARN_OBJC_LITERAL_CONVERSION = YES;
				CLANG_WARN_OBJC_ROOT_CLASS = YES_ERROR;
				CLANG_WARN_QUOTED_INCLUDE_IN_FRAMEWORK_HEADER = YES;
				CLANG_WARN_RANGE_LOOP_ANALYSIS = YES;
				CLANG_WARN_STRICT_PROTOTYPES = YES;
				CLANG_WARN_SUSPICIOUS_MOVE = YES;
				CLANG_WARN_UNGUARDED_AVAILABILITY = YES_AGGRESSIVE;
				CLANG_WARN_UNREACHABLE_CODE = YES;
				CLANG_WARN__DUPLICATE_METHOD_MATCH = YES;
				COPY_PHASE_STRIP = NO;
				DEBUG_INFORMATION_FORMAT = "dwarf-with-dsym";
				ENABLE_NS_ASSERTIONS = NO;
				ENABLE_STRICT_OBJC_MSGSEND = YES;
				GCC_C_LANGUAGE_STANDARD = gnu11;
				GCC_NO_COMMON_BLOCKS = YES;
				GCC_WARN_64_TO_32_BIT_CONVERSION = YES;
				GCC_WARN_ABOUT_RETURN_TYPE = YES_ERROR;
				GCC_WARN_UNDECLARED_SELECTOR = YES;
				GCC_WARN_UNINITIALIZED_AUTOS = YES_AGGRESSIVE;
				GCC_WARN_UNUSED_FUNCTION = YES;
				GCC_WARN_UNUSED_VARIABLE = YES;
				IPHONEOS_DEPLOYMENT_TARGET = 16.2;
				MTL_ENABLE_DEBUG_INFO = NO;
				MTL_FAST_MATH = YES;
				SDKROOT = iphoneos;
				SWIFT_COMPILATION_MODE = wholemodule;
				SWIFT_OPTIMIZATION_LEVEL = "-O";
				VALIDATE_PRODUCT = YES;
			};
			name = Release;
		};
		A0535AF62BC4851300568A47 /* Debug */ = {
			isa = XCBuildConfiguration;
			buildSettings = {
				ASSETCATALOG_COMPILER_APPICON_NAME = AppIcon;
				ASSETCATALOG_COMPILER_GLOBAL_ACCENT_COLOR_NAME = AccentColor;
				CODE_SIGN_STYLE = Automatic;
				CURRENT_PROJECT_VERSION = 1;
				DEVELOPMENT_ASSET_PATHS = "\"AuthCombine/Preview Content\"";
				DEVELOPMENT_TEAM = G3BRV8XY52;
				ENABLE_PREVIEWS = YES;
				GENERATE_INFOPLIST_FILE = YES;
				INFOPLIST_KEY_UIApplicationSceneManifest_Generation = YES;
				INFOPLIST_KEY_UIApplicationSupportsIndirectInputEvents = YES;
				INFOPLIST_KEY_UILaunchScreen_Generation = YES;
				INFOPLIST_KEY_UISupportedInterfaceOrientations_iPad = "UIInterfaceOrientationPortrait UIInterfaceOrientationPortraitUpsideDown UIInterfaceOrientationLandscapeLeft UIInterfaceOrientationLandscapeRight";
				INFOPLIST_KEY_UISupportedInterfaceOrientations_iPhone = "UIInterfaceOrientationPortrait UIInterfaceOrientationLandscapeLeft UIInterfaceOrientationLandscapeRight";
				LD_RUNPATH_SEARCH_PATHS = (
					"$(inherited)",
					"@executable_path/Frameworks",
				);
				MARKETING_VERSION = 1.0;
				PRODUCT_BUNDLE_IDENTIFIER = ru.emiliamilanovich.AuthCombine;
				PRODUCT_NAME = "$(TARGET_NAME)";
				SWIFT_EMIT_LOC_STRINGS = YES;
				SWIFT_VERSION = 5.0;
				TARGETED_DEVICE_FAMILY = "1,2";
			};
			name = Debug;
		};
		A0535AF72BC4851300568A47 /* Release */ = {
			isa = XCBuildConfiguration;
			buildSettings = {
				ASSETCATALOG_COMPILER_APPICON_NAME = AppIcon;
				ASSETCATALOG_COMPILER_GLOBAL_ACCENT_COLOR_NAME = AccentColor;
				CODE_SIGN_STYLE = Automatic;
				CURRENT_PROJECT_VERSION = 1;
				DEVELOPMENT_ASSET_PATHS = "\"AuthCombine/Preview Content\"";
				DEVELOPMENT_TEAM = G3BRV8XY52;
				ENABLE_PREVIEWS = YES;
				GENERATE_INFOPLIST_FILE = YES;
				INFOPLIST_KEY_UIApplicationSceneManifest_Generation = YES;
				INFOPLIST_KEY_UIApplicationSupportsIndirectInputEvents = YES;
				INFOPLIST_KEY_UILaunchScreen_Generation = YES;
				INFOPLIST_KEY_UISupportedInterfaceOrientations_iPad = "UIInterfaceOrientationPortrait UIInterfaceOrientationPortraitUpsideDown UIInterfaceOrientationLandscapeLeft UIInterfaceOrientationLandscapeRight";
				INFOPLIST_KEY_UISupportedInterfaceOrientations_iPhone = "UIInterfaceOrientationPortrait UIInterfaceOrientationLandscapeLeft UIInterfaceOrientationLandscapeRight";
				LD_RUNPATH_SEARCH_PATHS = (
					"$(inherited)",
					"@executable_path/Frameworks",
				);
				MARKETING_VERSION = 1.0;
				PRODUCT_BUNDLE_IDENTIFIER = ru.emiliamilanovich.AuthCombine;
				PRODUCT_NAME = "$(TARGET_NAME)";
				SWIFT_EMIT_LOC_STRINGS = YES;
				SWIFT_VERSION = 5.0;
				TARGETED_DEVICE_FAMILY = "1,2";
			};
			name = Release;
		};
/* End XCBuildConfiguration section */

/* Begin XCConfigurationList section */
		A0535AE22BC4850F00568A47 /* Build configuration list for PBXProject "AuthCombine" */ = {
			isa = XCConfigurationList;
			buildConfigurations = (
				A0535AF32BC4851300568A47 /* Debug */,
				A0535AF42BC4851300568A47 /* Release */,
			);
			defaultConfigurationIsVisible = 0;
			defaultConfigurationName = Release;
		};
		A0535AF52BC4851300568A47 /* Build configuration list for PBXNativeTarget "AuthCombine" */ = {
			isa = XCConfigurationList;
			buildConfigurations = (
				A0535AF62BC4851300568A47 /* Debug */,
				A0535AF72BC4851300568A47 /* Release */,
			);
			defaultConfigurationIsVisible = 0;
			defaultConfigurationName = Release;
		};
/* End XCConfigurationList section */
	};
	rootObject = A0535ADF2BC4850F00568A47 /* Project object */;
}
